# THIS IS AN AUTOGENERATED FILE. DO NOT EDIT THIS FILE DIRECTLY.
# yarn lockfile v1


"@types/luxon@^3.0.0":
  version "3.0.0"
  resolved "https://registry.yarnpkg.com/@types/luxon/-/luxon-3.0.0.tgz#47fb7891e41875fce7018a8bd3d09b204c5621f5"
  integrity sha512-Lx+EZoJxUKw4dp8uei9XiUVNlgkYmax5+ovqt6Xf3LzJOnWhlfJw/jLBmqfGVwOP/pDr4HT8bI1WtxK0IChMLw==

lodash.isnil@^4.0.0:
  version "4.0.0"
  resolved "https://registry.yarnpkg.com/lodash.isnil/-/lodash.isnil-4.0.0.tgz#49e28cd559013458c814c5479d3c663a21bfaa6c"
  integrity sha512-up2Mzq3545mwVnMhTDMdfoG1OurpA/s5t88JmQX809eH3C8491iu2sfKhTfhQtKY78oPNhiaHJUpT/dUDAAtng==

lodash.omit@^4.5.0:
  version "4.5.0"
  resolved "https://registry.yarnpkg.com/lodash.omit/-/lodash.omit-4.5.0.tgz#6eb19ae5a1ee1dd9df0b969e66ce0b7fa30b5e60"
  integrity sha512-XeqSp49hNGmlkj2EJlfrQFIzQ6lXdNro9sddtQzcJY8QaoC2GO0DT7xaIokHeyM+mIT0mPMlPvkYzg2xCuHdZg==

luxon@^3.0.1:
  version "3.0.1"
  resolved "https://registry.yarnpkg.com/luxon/-/luxon-3.0.1.tgz#6901111d10ad06fd267ad4e4128a84bef8a77299"
  integrity sha512-hF3kv0e5gwHQZKz4wtm4c+inDtyc7elkanAsBq+fundaCdUBNJB1dHEGUZIM6SfSBUlbVFduPwEtNjFK8wLtcw==

typescript@^4.7.4:
  version "4.7.4"
  resolved "https://registry.npmjs.org/typescript/-/typescript-4.7.4.tgz"
  integrity sha512-C0WQT0gezHuw6AdY1M2jxUO83Rjf0HP7Sk1DtXj6j1EwkQNZrHAg2XPWlq62oqEhYvONq5pkC2Y9oPljWToLmQ==
